
Microsoft Visual Studio Solution File, Format Version 11.00
# Visual Studio 2010
Project("{FAE04EC0-301F-11D3-BF4B-00C04F79EFBC}") = "FWBDS", "FWBDS.csproj", "{1A798F38-4B9F-413B-9B9F-24F164D437AB}"
EndProject
Global
	GlobalSection(SolutionConfigurationPlatforms) = preSolution
		Debug|Any CPU = Debug|Any CPU
		Release|Any CPU = Release|Any CPU
	EndGlobalSection
	GlobalSection(ProjectConfigurationPlatforms) = postSolution
		{1A798F38-4B9F-413B-9B9F-24F164D437AB}.Debug|Any CPU.ActiveCfg = Debug|Any CPU
		{1A798F38-4B9F-413B-9B9F-24F164D437AB}.Debug|Any CPU.Build.0 = Debug|Any CPU
		{1A798F38-4B9F-413B-9B9F-24F164D437AB}.Release|Any CPU.ActiveCfg = Release|Any CPU
		{1A798F38-4B9F-413B-9B9F-24F164D437AB}.Release|Any CPU.Build.0 = Release|Any CPU
	EndGlobalSection
	GlobalSection(SolutionProperties) = preSolution
		HideSolutionNode = FALSE
	EndGlobalSection
EndGlobal
